
Microsoft Visual Studio Solution File, Format Version 12.00
# Visual Studio Version 17
VisualStudioVersion = 17.0.31903.59
MinimumVisualStudioVersion = 10.0.40219.1
Project("{9A19103F-16F7-4668-BE54-9A1E7A4F7556}") = "SistemaDeHospedagem", "SistemaDeHospedagem\SistemaDeHospedagem.csproj", "{35E2CBBC-A06E-4B5C-AE0C-E812FF744D29}"
EndProject
Project("{9A19103F-16F7-4668-BE54-9A1E7A4F7556}") = "Estacionamento", "Estacionamento\Estacionamento.csproj", "{9655CC92-D8E2-4A7C-B0E9-6F58929BD580}"
EndProject
Project("{9A19103F-16F7-4668-BE54-9A1E7A4F7556}") = "Smartphones", "Smartphones\Smartphones.csproj", "{58E04AC1-4507-42F6-8679-39F1A858AD68}"
EndProject
Project("{9A19103F-16F7-4668-BE54-9A1E7A4F7556}") = "TrilhaApiDesafio", "WebApi\TrilhaApiDesafio.csproj", "{8638DB9C-063B-4F7D-B630-BB6EAD8ED0A2}"
EndProject
Project("{9A19103F-16F7-4668-BE54-9A1E7A4F7556}") = "trilha-net-azure-desafio", "Azure\trilha-net-azure-desafio.csproj", "{8A466FCB-EE0E-4F09-88D8-9E0214293750}"
EndProject
Project("{9A19103F-16F7-4668-BE54-9A1E7A4F7556}") = "TestesUnitarios.Desafio.Console", "TestesXunit\TestesUnitarios.Desafio.Console\TestesUnitarios.Desafio.Console.csproj", "{8D16FCBF-D9B8-45CB-9376-AC15715F9639}"
EndProject
Global
	GlobalSection(SolutionConfigurationPlatforms) = preSolution
		Debug|Any CPU = Debug|Any CPU
		Release|Any CPU = Release|Any CPU
	EndGlobalSection
	GlobalSection(ProjectConfigurationPlatforms) = postSolution
		{35E2CBBC-A06E-4B5C-AE0C-E812FF744D29}.Debug|Any CPU.ActiveCfg = Debug|Any CPU
		{35E2CBBC-A06E-4B5C-AE0C-E812FF744D29}.Debug|Any CPU.Build.0 = Debug|Any CPU
		{35E2CBBC-A06E-4B5C-AE0C-E812FF744D29}.Release|Any CPU.ActiveCfg = Release|Any CPU
		{35E2CBBC-A06E-4B5C-AE0C-E812FF744D29}.Release|Any CPU.Build.0 = Release|Any CPU
		{9655CC92-D8E2-4A7C-B0E9-6F58929BD580}.Debug|Any CPU.ActiveCfg = Debug|Any CPU
		{9655CC92-D8E2-4A7C-B0E9-6F58929BD580}.Debug|Any CPU.Build.0 = Debug|Any CPU
		{9655CC92-D8E2-4A7C-B0E9-6F58929BD580}.Release|Any CPU.ActiveCfg = Release|Any CPU
		{9655CC92-D8E2-4A7C-B0E9-6F58929BD580}.Release|Any CPU.Build.0 = Release|Any CPU
		{58E04AC1-4507-42F6-8679-39F1A858AD68}.Debug|Any CPU.ActiveCfg = Debug|Any CPU
		{58E04AC1-4507-42F6-8679-39F1A858AD68}.Debug|Any CPU.Build.0 = Debug|Any CPU
		{58E04AC1-4507-42F6-8679-39F1A858AD68}.Release|Any CPU.ActiveCfg = Release|Any CPU
		{58E04AC1-4507-42F6-8679-39F1A858AD68}.Release|Any CPU.Build.0 = Release|Any CPU
		{8638DB9C-063B-4F7D-B630-BB6EAD8ED0A2}.Debug|Any CPU.ActiveCfg = Debug|Any CPU
		{8638DB9C-063B-4F7D-B630-BB6EAD8ED0A2}.Debug|Any CPU.Build.0 = Debug|Any CPU
		{8638DB9C-063B-4F7D-B630-BB6EAD8ED0A2}.Release|Any CPU.ActiveCfg = Release|Any CPU
		{8638DB9C-063B-4F7D-B630-BB6EAD8ED0A2}.Release|Any CPU.Build.0 = Release|Any CPU
		{8A466FCB-EE0E-4F09-88D8-9E0214293750}.Debug|Any CPU.ActiveCfg = Debug|Any CPU
		{8A466FCB-EE0E-4F09-88D8-9E0214293750}.Debug|Any CPU.Build.0 = Debug|Any CPU
		{8A466FCB-EE0E-4F09-88D8-9E0214293750}.Release|Any CPU.ActiveCfg = Release|Any CPU
		{8A466FCB-EE0E-4F09-88D8-9E0214293750}.Release|Any CPU.Build.0 = Release|Any CPU
		{8D16FCBF-D9B8-45CB-9376-AC15715F9639}.Debug|Any CPU.ActiveCfg = Debug|Any CPU
		{8D16FCBF-D9B8-45CB-9376-AC15715F9639}.Debug|Any CPU.Build.0 = Debug|Any CPU
		{8D16FCBF-D9B8-45CB-9376-AC15715F9639}.Release|Any CPU.ActiveCfg = Release|Any CPU
		{8D16FCBF-D9B8-45CB-9376-AC15715F9639}.Release|Any CPU.Build.0 = Release|Any CPU
	EndGlobalSection
	GlobalSection(SolutionProperties) = preSolution
		HideSolutionNode = FALSE
	EndGlobalSection
	GlobalSection(ExtensibilityGlobals) = postSolution
		SolutionGuid = {11451E53-95D9-4785-96E9-5F56A052C2DD}
	EndGlobalSection
EndGlobal
